<?xml version="1.0" encoding="utf-8"?>
<Project ToolsVersion="4.0" xmlns="http://schemas.microsoft.com/developer/msbuild/2003">
  <ItemGroup>
    <Filter Include="Helper">
      <UniqueIdentifier>{102ef2e1-6cf5-4fab-bb35-58ea40003a15}</UniqueIdentifier>
    </Filter>
    <Filter Include="Hardware">
      <UniqueIdentifier>{3102ea2f-9705-4d55-83bd-e545254412e0}</UniqueIdentifier>
    </Filter>
    <Filter Include="Scheduler">
      <UniqueIdentifier>{4fc0a699-4a0e-431f-90d9-b7265d38044b}</UniqueIdentifier>
    </Filter>
    <Filter Include="Helper\Flash">
      <UniqueIdentifier>{d36ce539-b07b-4895-b753-49bb7dd27eeb}</UniqueIdentifier>
    </Filter>
    <Filter Include="Helper\WindowsApI">
      <UniqueIdentifier>{a802ea99-9b03-43bf-858d-784d5259ff6a}</UniqueIdentifier>
    </Filter>
    <Filter Include="Generierte Dateien">
      <UniqueIdentifier>{71ED8ED8-ACB9-4CE9-BBE1-E00B30144E11}</UniqueIdentifier>
      <Extensions>cpp;c;cxx;moc;h;def;odl;idl;res;</Extensions>
    </Filter>
    <Filter Include="Generierte Dateien\Debug">
      <UniqueIdentifier>{056b8afb-acd5-434c-bd98-e5f320e17e50}</UniqueIdentifier>
      <Extensions>cpp;moc</Extensions>
      <SourceControlFiles>False</SourceControlFiles>
    </Filter>
    <Filter Include="Generierte Dateien\Release">
      <UniqueIdentifier>{1d7e02a1-e2e1-4442-9277-081d111c90f2}</UniqueIdentifier>
      <Extensions>cpp;moc</Extensions>
      <SourceControlFiles>False</SourceControlFiles>
    </Filter>
    <Filter Include="Source Dateien">
      <UniqueIdentifier>{4FC737F1-C7A5-4376-A066-2A32D752A2FF}</UniqueIdentifier>
      <Extensions>cpp;c;cxx;def;odl;idl;hpj;bat;asm;asmx</Extensions>
    </Filter>
    <Filter Include="Helper\Information">
      <UniqueIdentifier>{c94f696a-5772-42ea-8e6d-a8de3e7e0936}</UniqueIdentifier>
    </Filter>
    <Filter Include="Helper\ProcessTools">
      <UniqueIdentifier>{02d5b65c-ca03-41d3-a770-410adeb32363}</UniqueIdentifier>
    </Filter>
    <Filter Include="Helper\Shutdown">
      <UniqueIdentifier>{84da5e7f-df1c-4fdb-bc13-b2a1dce41106}</UniqueIdentifier>
    </Filter>
    <Filter Include="Helper\Installer">
      <UniqueIdentifier>{79a1a43b-acf3-4160-8ab9-0feb3694b7d7}</UniqueIdentifier>
    </Filter>
  </ItemGroup>
  <ItemGroup>
    <CustomBuild Include="JobScheduler.h">
      <Filter>Scheduler</Filter>
    </CustomBuild>
    <CustomBuild Include="AbstractCommand.h">
      <Filter>Scheduler</Filter>
    </CustomBuild>
    <CustomBuild Include="JobQueue.h">
      <Filter>Scheduler</Filter>
    </CustomBuild>
    <CustomBuild Include="DeviceManager.h">
      <Filter>Hardware</Filter>
    </CustomBuild>
    <CustomBuild Include="AbstractDevice.h">
      <Filter>Hardware</Filter>
    </CustomBuild>
    <CustomBuild Include="FlashCmdProcessor.h">
      <Filter>Helper\Flash</Filter>
    </CustomBuild>
    <CustomBuild Include="EnumDefinitions.h">
      <Filter>Source Dateien</Filter>
    </CustomBuild>
    <CustomBuild Include="UtilProcess.h">
      <Filter>Helper</Filter>
    </CustomBuild>
    <CustomBuild Include="WinApiHelper.h">
      <Filter>Helper\WindowsApI</Filter>
    </CustomBuild>
    <CustomBuild Include="AnelHome.h">
      <Filter>Hardware</Filter>
    </CustomBuild>
    <CustomBuild Include="PowerStripeDevice.h">
      <Filter>Hardware</Filter>
    </CustomBuild>
    <CustomBuild Include="PowerSupplyDevice.h">
      <Filter>Hardware</Filter>
    </CustomBuild>
    <CustomBuild Include="RemoteBoxDevice.h">
      <Filter>Hardware</Filter>
    </CustomBuild>
    <CustomBuild Include="VoltCraft.h">
      <Filter>Hardware</Filter>
    </CustomBuild>
    <CustomBuild Include="AbstractCommandBuilder.h">
      <Filter>Scheduler</Filter>
    </CustomBuild>
    <CustomBuild Include="CommandBuilder.h">
      <Filter>Scheduler</Filter>
    </CustomBuild>
    <CustomBuild Include="Constants.h">
      <Filter>Helper</Filter>
    </CustomBuild>
    <CustomBuild Include="NotifierHandler.h">
      <Filter>Helper\Information</Filter>
    </CustomBuild>
    <CustomBuild Include="ProcessObserver.h">
      <Filter>Helper\ProcessTools</Filter>
    </CustomBuild>
    <CustomBuild Include="Inactivitywatcher.h">
      <Filter>Helper\Shutdown</Filter>
    </CustomBuild>
    <CustomBuild Include="ShutdownHandler.h">
      <Filter>Helper\Shutdown</Filter>
    </CustomBuild>
  </ItemGroup>
  <ItemGroup>
    <ClCompile Include="main.cpp">
      <Filter>Source Dateien</Filter>
    </ClCompile>
    <ClCompile Include="ShutdownHandler.cpp">
      <Filter>Helper\Shutdown</Filter>
    </ClCompile>
    <ClCompile Include="Intactivitywatcher.cpp">
      <Filter>Helper\Shutdown</Filter>
    </ClCompile>
    <ClCompile Include="AbstractDevice.cpp">
      <Filter>Hardware</Filter>
    </ClCompile>
    <ClCompile Include="VoltCraft.cpp">
      <Filter>Hardware</Filter>
    </ClCompile>
    <ClCompile Include="AnelHome.cpp">
      <Filter>Hardware</Filter>
    </ClCompile>
    <ClCompile Include="JobScheduler.cpp">
      <Filter>Scheduler</Filter>
    </ClCompile>
    <ClCompile Include="AbstractCommand.cpp">
      <Filter>Scheduler</Filter>
    </ClCompile>
    <ClCompile Include="GeneratedFiles\Debug\moc_JobScheduler.cpp">
      <Filter>Generierte Dateien\Debug</Filter>
    </ClCompile>
    <ClCompile Include="GeneratedFiles\Release\moc_JobScheduler.cpp">
      <Filter>Generierte Dateien\Release</Filter>
    </ClCompile>
    <ClCompile Include="JobQueue.cpp">
      <Filter>Scheduler</Filter>
    </ClCompile>
    <ClCompile Include="GeneratedFiles\Debug\moc_JobQueue.cpp">
      <Filter>Generierte Dateien\Debug</Filter>
    </ClCompile>
    <ClCompile Include="GeneratedFiles\Release\moc_JobQueue.cpp">
      <Filter>Generierte Dateien\Release</Filter>
    </ClCompile>
    <ClCompile Include="DeviceManager.cpp">
      <Filter>Hardware</Filter>
    </ClCompile>
    <ClCompile Include="GeneratedFiles\Debug\moc_DeviceManager.cpp">
      <Filter>Generierte Dateien\Debug</Filter>
    </ClCompile>
    <ClCompile Include="GeneratedFiles\Release\moc_DeviceManager.cpp">
      <Filter>Generierte Dateien\Release</Filter>
    </ClCompile>
    <ClCompile Include="RemoteBoxDevice.cpp">
      <Filter>Hardware</Filter>
    </ClCompile>
    <ClCompile Include="PowerSupplyDevice.cpp">
      <Filter>Hardware</Filter>
    </ClCompile>
    <ClCompile Include="PowerStripeDevice.cpp">
      <Filter>Hardware</Filter>
    </ClCompile>
    <ClCompile Include="CommandBuilder.cpp">
      <Filter>Scheduler</Filter>
    </ClCompile>
    <ClCompile Include="AbstractCommandBuilder.cpp">
      <Filter>Scheduler</Filter>
    </ClCompile>
    <ClCompile Include="GeneratedFiles\Debug\moc_AbstractCommand.cpp">
      <Filter>Generierte Dateien\Debug</Filter>
    </ClCompile>
    <ClCompile Include="GeneratedFiles\Release\moc_AbstractCommand.cpp">
      <Filter>Generierte Dateien\Release</Filter>
    </ClCompile>
    <ClCompile Include="GeneratedFiles\Debug\moc_AbstractDevice.cpp">
      <Filter>Generierte Dateien\Debug</Filter>
    </ClCompile>
    <ClCompile Include="GeneratedFiles\Release\moc_AbstractDevice.cpp">
      <Filter>Generierte Dateien\Release</Filter>
    </ClCompile>
    <ClCompile Include="UtilProcess.cpp">
      <Filter>Helper</Filter>
    </ClCompile>
    <ClCompile Include="FlashCmdProcessor.cpp">
      <Filter>Helper\Flash</Filter>
    </ClCompile>
    <ClCompile Include="GeneratedFiles\Debug\moc_FlashCmdProcessor.cpp">
      <Filter>Generierte Dateien\Debug</Filter>
    </ClCompile>
    <ClCompile Include="GeneratedFiles\Release\moc_FlashCmdProcessor.cpp">
      <Filter>Generierte Dateien\Release</Filter>
    </ClCompile>
    <ClCompile Include="WinApiHelper.cpp">
      <Filter>Helper\WindowsApI</Filter>
    </ClCompile>
    <ClCompile Include="GeneratedFiles\Debug\moc_RemoteBoxDevice.cpp">
      <Filter>Generierte Dateien\Debug</Filter>
    </ClCompile>
    <ClCompile Include="GeneratedFiles\Release\moc_RemoteBoxDevice.cpp">
      <Filter>Generierte Dateien\Release</Filter>
    </ClCompile>
    <ClCompile Include="GeneratedFiles\Debug\moc_Constants.cpp">
      <Filter>Generierte Dateien\Debug</Filter>
    </ClCompile>
    <ClCompile Include="GeneratedFiles\Release\moc_Constants.cpp">
      <Filter>Generierte Dateien\Release</Filter>
    </ClCompile>
    <ClCompile Include="GeneratedFiles\Debug\moc_AnelHome.cpp">
      <Filter>Generierte Dateien\Debug</Filter>
    </ClCompile>
    <ClCompile Include="GeneratedFiles\Release\moc_AnelHome.cpp">
      <Filter>Generierte Dateien\Release</Filter>
    </ClCompile>
    <ClCompile Include="NotifierHandler.cpp">
      <Filter>Helper\Information</Filter>
    </ClCompile>
    <ClCompile Include="GeneratedFiles\Debug\moc_NotifierHandler.cpp">
      <Filter>Generierte Dateien\Debug</Filter>
    </ClCompile>
    <ClCompile Include="GeneratedFiles\Release\moc_NotifierHandler.cpp">
      <Filter>Generierte Dateien\Release</Filter>
    </ClCompile>
    <ClCompile Include="ProcessObserver.cpp">
      <Filter>Helper\ProcessTools</Filter>
    </ClCompile>
    <ClCompile Include="ProcessObserverPrivate.cpp">
      <Filter>Helper\ProcessTools</Filter>
    </ClCompile>
    <ClCompile Include="GeneratedFiles\Debug\moc_ProcessObserver.cpp">
      <Filter>Generierte Dateien\Debug</Filter>
    </ClCompile>
    <ClCompile Include="GeneratedFiles\Release\moc_ProcessObserver.cpp">
      <Filter>Generierte Dateien\Release</Filter>
    </ClCompile>
    <ClCompile Include="GeneratedFiles\Debug\moc_Inactivitywatcher.cpp">
      <Filter>Generierte Dateien\Debug</Filter>
    </ClCompile>
    <ClCompile Include="GeneratedFiles\Release\moc_Inactivitywatcher.cpp">
      <Filter>Generierte Dateien\Release</Filter>
    </ClCompile>
    <ClCompile Include="GeneratedFiles\Debug\moc_ShutdownHandler.cpp">
      <Filter>Generierte Dateien\Debug</Filter>
    </ClCompile>
    <ClCompile Include="GeneratedFiles\Release\moc_ShutdownHandler.cpp">
      <Filter>Generierte Dateien\Release</Filter>
    </ClCompile>
    <ClCompile Include="USBDevice.cpp">
      <Filter>Hardware</Filter>
    </ClCompile>
  </ItemGroup>
  <ItemGroup>
    <ClInclude Include="ProcessObserverPrivate.h">
      <Filter>Helper\ProcessTools</Filter>
    </ClInclude>
    <ClInclude Include="resource.h">
      <Filter>Generierte Dateien</Filter>
    </ClInclude>
    <ClInclude Include="resource1.h">
      <Filter>Generierte Dateien</Filter>
    </ClInclude>
    <ClInclude Include="AutoIncrement.h">
      <Filter>Helper\Installer</Filter>
    </ClInclude>
    <ClInclude Include="USBDevice.h">
      <Filter>Hardware</Filter>
    </ClInclude>
  </ItemGroup>
  <ItemGroup>
    <None Include="..\RemoteServiceInstaller\RemoteService.iss">
      <Filter>Helper\Installer</Filter>
    </None>
  </ItemGroup>
  <ItemGroup>
    <ResourceCompile Include="Resource.rc" />
  </ItemGroup>
</Project>